// !$*UTF8*$!
{
	archiveVersion = 1;
	classes = {
	};
	objectVersion = 46;
	objects = {

/* Begin PBXBuildFile section */
		C2C899331A8AD75700698083 /* main.m in Sources */ = {isa = PBXBuildFile; fileRef = C2C899321A8AD75700698083 /* main.m */; };
		C2C899361A8AD75700698083 /* AppDelegate.m in Sources */ = {isa = PBXBuildFile; fileRef = C2C899351A8AD75700698083 /* AppDelegate.m */; };
		C2C8993E1A8AD75700698083 /* Images.xcassets in Resources */ = {isa = PBXBuildFile; fileRef = C2C8993D1A8AD75700698083 /* Images.xcassets */; };
		C2C899411A8AD75700698083 /* LaunchScreen.xib in Resources */ = {isa = PBXBuildFile; fileRef = C2C8993F1A8AD75700698083 /* LaunchScreen.xib */; };
		C2C8994D1A8AD75700698083 /* QuizTests.m in Sources */ = {isa = PBXBuildFile; fileRef = C2C8994C1A8AD75700698083 /* QuizTests.m */; };
		C2C899591A8ADB4200698083 /* BNRQuizViewController.m in Sources */ = {isa = PBXBuildFile; fileRef = C2C899571A8ADB4200698083 /* BNRQuizViewController.m */; };
		C2C8995A1A8ADB4200698083 /* BNRQuizViewController.xib in Resources */ = {isa = PBXBuildFile; fileRef = C2C899581A8ADB4200698083 /* BNRQuizViewController.xib */; };
/* End PBXBuildFile section */

/* Begin PBXContainerItemProxy section */
		C2C899471A8AD75700698083 /* PBXContainerItemProxy */ = {
			isa = PBXContainerItemProxy;
			containerPortal = C2C899251A8AD75600698083 /* Project object */;
			proxyType = 1;
			remoteGlobalIDString = C2C8992C1A8AD75700698083;
			remoteInfo = Quiz;
		};
/* End PBXContainerItemProxy section */

/* Begin PBXFileReference section */
		C2C8992D1A8AD75700698083 /* Quiz.app */ = {isa = PBXFileReference; explicitFileType = wrapper.application; includeInIndex = 0; path = Quiz.app; sourceTree = BUILT_PRODUCTS_DIR; };
		C2C899311A8AD75700698083 /* Info.plist */ = {isa = PBXFileReference; lastKnownFileType = text.plist.xml; path = Info.plist; sourceTree = "<group>"; };
		C2C899321A8AD75700698083 /* main.m */ = {isa = PBXFileReference; lastKnownFileType = sourcecode.c.objc; path = main.m; sourceTree = "<group>"; };
		C2C899341A8AD75700698083 /* AppDelegate.h */ = {isa = PBXFileReference; lastKnownFileType = sourcecode.c.h; path = AppDelegate.h; sourceTree = "<group>"; };
		C2C899351A8AD75700698083 /* AppDelegate.m */ = {isa = PBXFileReference; lastKnownFileType = sourcecode.c.objc; path = AppDelegate.m; sourceTree = "<group>"; };
		C2C8993D1A8AD75700698083 /* Images.xcassets */ = {isa = PBXFileReference; lastKnownFileType = folder.assetcatalog; path = Images.xcassets; sourceTree = "<group>"; };
		C2C899401A8AD75700698083 /* Base */ = {isa = PBXFileReference; lastKnownFileType = file.xib; name = Base; path = Base.lproj/LaunchScreen.xib; sourceTree = "<group>"; };
		C2C899461A8AD75700698083 /* QuizTests.xctest */ = {isa = PBXFileReference; explicitFileType = wrapper.cfbundle; includeInIndex = 0; path = QuizTests.xctest; sourceTree = BUILT_PRODUCTS_DIR; };
		C2C8994B1A8AD75700698083 /* Info.plist */ = {isa = PBXFileReference; lastKnownFileType = text.plist.xml; path = Info.plist; sourceTree = "<group>"; };
		C2C8994C1A8AD75700698083 /* QuizTests.m */ = {isa = PBXFileReference; lastKnownFileType = sourcecode.c.objc; path = QuizTests.m; sourceTree = "<group>"; };
		C2C899561A8ADB4200698083 /* BNRQuizViewController.h */ = {isa = PBXFileReference; fileEncoding = 4; lastKnownFileType = sourcecode.c.h; path = BNRQuizViewController.h; sourceTree = "<group>"; };
		C2C899571A8ADB4200698083 /* BNRQuizViewController.m */ = {isa = PBXFileReference; fileEncoding = 4; lastKnownFileType = sourcecode.c.objc; path = BNRQuizViewController.m; sourceTree = "<group>"; };
		C2C899581A8ADB4200698083 /* BNRQuizViewController.xib */ = {isa = PBXFileReference; fileEncoding = 4; lastKnownFileType = file.xib; path = BNRQuizViewController.xib; sourceTree = "<group>"; };
/* End PBXFileReference section */

/* Begin PBXFrameworksBuildPhase section */
		C2C8992A1A8AD75700698083 /* Frameworks */ = {
			isa = PBXFrameworksBuildPhase;
			buildActionMask = 2147483647;
			files = (
			);
			runOnlyForDeploymentPostprocessing = 0;
		};
		C2C899431A8AD75700698083 /* Frameworks */ = {
			isa = PBXFrameworksBuildPhase;
			buildActionMask = 2147483647;
			files = (
			);
			runOnlyForDeploymentPostprocessing = 0;
		};
/* End PBXFrameworksBuildPhase section */

/* Begin PBXGroup section */
		C2C899241A8AD75600698083 = {
			isa = PBXGroup;
			children = (
				C2C8992F1A8AD75700698083 /* Quiz */,
				C2C899491A8AD75700698083 /* QuizTests */,
				C2C8992E1A8AD75700698083 /* Products */,
			);
			sourceTree = "<group>";
		};
		C2C8992E1A8AD75700698083 /* Products */ = {
			isa = PBXGroup;
			children = (
				C2C8992D1A8AD75700698083 /* Quiz.app */,
				C2C899461A8AD75700698083 /* QuizTests.xctest */,
			);
			name = Products;
			sourceTree = "<group>";
		};
		C2C8992F1A8AD75700698083 /* Quiz */ = {
			isa = PBXGroup;
			children = (
				C2C899341A8AD75700698083 /* AppDelegate.h */,
				C2C899351A8AD75700698083 /* AppDelegate.m */,
				C2C8993D1A8AD75700698083 /* Images.xcassets */,
				C2C8993F1A8AD75700698083 /* LaunchScreen.xib */,
				C2C899301A8AD75700698083 /* Supporting Files */,
				C2C899561A8ADB4200698083 /* BNRQuizViewController.h */,
				C2C899571A8ADB4200698083 /* BNRQuizViewController.m */,
				C2C899581A8ADB4200698083 /* BNRQuizViewController.xib */,
			);
			path = Quiz;
			sourceTree = "<group>";
		};
		C2C899301A8AD75700698083 /* Supporting Files */ = {
			isa = PBXGroup;
			children = (
				C2C899311A8AD75700698083 /* Info.plist */,
				C2C899321A8AD75700698083 /* main.m */,
			);
			name = "Supporting Files";
			sourceTree = "<group>";
		};
		C2C899491A8AD75700698083 /* QuizTests */ = {
			isa = PBXGroup;
			children = (
				C2C8994C1A8AD75700698083 /* QuizTests.m */,
				C2C8994A1A8AD75700698083 /* Supporting Files */,
			);
			path = QuizTests;
			sourceTree = "<group>";
		};
		C2C8994A1A8AD75700698083 /* Supporting Files */ = {
			isa = PBXGroup;
			children = (
				C2C8994B1A8AD75700698083 /* Info.plist */,
			);
			name = "Supporting Files";
			sourceTree = "<group>";
		};
/* End PBXGroup section */

/* Begin PBXNativeTarget section */
		C2C8992C1A8AD75700698083 /* Quiz */ = {
			isa = PBXNativeTarget;
			buildConfigurationList = C2C899501A8AD75700698083 /* Build configuration list for PBXNativeTarget "Quiz" */;
			buildPhases = (
				C2C899291A8AD75700698083 /* Sources */,
				C2C8992A1A8AD75700698083 /* Frameworks */,
				C2C8992B1A8AD75700698083 /* Resources */,
			);
			buildRules = (
			);
			dependencies = (
			);
			name = Quiz;
			productName = Quiz;
			productReference = C2C8992D1A8AD75700698083 /* Quiz.app */;
			productType = "com.apple.product-type.application";
		};
		C2C899451A8AD75700698083 /* QuizTests */ = {
			isa = PBXNativeTarget;
			buildConfigurationList = C2C899531A8AD75700698083 /* Build configuration list for PBXNativeTarget "QuizTests" */;
			buildPhases = (
				C2C899421A8AD75700698083 /* Sources */,
				C2C899431A8AD75700698083 /* Frameworks */,
				C2C899441A8AD75700698083 /* Resources */,
			);
			buildRules = (
			);
			dependencies = (
				C2C899481A8AD75700698083 /* PBXTargetDependency */,
			);
			name = QuizTests;
			productName = QuizTests;
			productReference = C2C899461A8AD75700698083 /* QuizTests.xctest */;
			productType = "com.apple.product-type.bundle.unit-test";
		};
/* End PBXNativeTarget section */

/* Begin PBXProject section */
		C2C899251A8AD75600698083 /* Project object */ = {
			isa = PBXProject;
			attributes = {
				CLASSPREFIX = BNR;
				LastUpgradeCheck = 0610;
				ORGANIZATIONNAME = "Big Nerd Ranch";
				TargetAttributes = {
					C2C8992C1A8AD75700698083 = {
						CreatedOnToolsVersion = 6.1.1;
					};
					C2C899451A8AD75700698083 = {
						CreatedOnToolsVersion = 6.1.1;
						TestTargetID = C2C8992C1A8AD75700698083;
					};
				};
			};
			buildConfigurationList = C2C899281A8AD75600698083 /* Build configuration list for PBXProject "Quiz" */;
			compatibilityVersion = "Xcode 3.2";
			developmentRegion = English;
			hasScannedForEncodings = 0;
			knownRegions = (
				en,
				Base,
			);
			mainGroup = C2C899241A8AD75600698083;
			productRefGroup = C2C8992E1A8AD75700698083 /* Products */;
			projectDirPath = "";
			projectRoot = "";
			targets = (
				C2C8992C1A8AD75700698083 /* Quiz */,
				C2C899451A8AD75700698083 /* QuizTests */,
			);
		};
/* End PBXProject section */

/* Begin PBXResourcesBuildPhase section */
		C2C8992B1A8AD75700698083 /* Resources */ = {
			isa = PBXResourcesBuildPhase;
			buildActionMask = 2147483647;
			files = (
				C2C899411A8AD75700698083 /* LaunchScreen.xib in Resources */,
				C2C8995A1A8ADB4200698083 /* BNRQuizViewController.xib in Resources */,
				C2C8993E1A8AD75700698083 /* Images.xcassets in Resources */,
			);
			runOnlyForDeploymentPostprocessing = 0;
		};
		C2C899441A8AD75700698083 /* Resources */ = {
			isa = PBXResourcesBuildPhase;
			buildActionMask = 2147483647;
			files = (
			);
			runOnlyForDeploymentPostprocessing = 0;
		};
/* End PBXResourcesBuildPhase section */

/* Begin PBXSourcesBuildPhase section */
		C2C899291A8AD75700698083 /* Sources */ = {
			isa = PBXSourcesBuildPhase;
			buildActionMask = 2147483647;
			files = (
				C2C899361A8AD75700698083 /* AppDelegate.m in Sources */,
				C2C899331A8AD75700698083 /* main.m in Sources */,
				C2C899591A8ADB4200698083 /* BNRQuizViewController.m in Sources */,
			);
			runOnlyForDeploymentPostprocessing = 0;
		};
		C2C899421A8AD75700698083 /* Sources */ = {
			isa = PBXSourcesBuildPhase;
			buildActionMask = 2147483647;
			files = (
				C2C8994D1A8AD75700698083 /* QuizTests.m in Sources */,
			);
			runOnlyForDeploymentPostprocessing = 0;
		};
/* End PBXSourcesBuildPhase section */

/* Begin PBXTargetDependency section */
		C2C899481A8AD75700698083 /* PBXTargetDependency */ = {
			isa = PBXTargetDependency;
			target = C2C8992C1A8AD75700698083 /* Quiz */;
			targetProxy = C2C899471A8AD75700698083 /* PBXContainerItemProxy */;
		};
/* End PBXTargetDependency section */

/* Begin PBXVariantGroup section */
		C2C8993F1A8AD75700698083 /* LaunchScreen.xib */ = {
			isa = PBXVariantGroup;
			children = (
				C2C899401A8AD75700698083 /* Base */,
			);
			name = LaunchScreen.xib;
			sourceTree = "<group>";
		};
/* End PBXVariantGroup section */

/* Begin XCBuildConfiguration section */
		C2C8994E1A8AD75700698083 /* Debug */ = {
			isa = XCBuildConfiguration;
			buildSettings = {
				ALWAYS_SEARCH_USER_PATHS = NO;
				CLANG_CXX_LANGUAGE_STANDARD = "gnu++0x";
				CLANG_CXX_LIBRARY = "libc++";
				CLANG_ENABLE_MODULES = YES;
				CLANG_ENABLE_OBJC_ARC = YES;
				CLANG_WARN_BOOL_CONVERSION = YES;
				CLANG_WARN_CONSTANT_CONVERSION = YES;
				CLANG_WARN_DIRECT_OBJC_ISA_USAGE = YES_ERROR;
				CLANG_WARN_EMPTY_BODY = YES;
				CLANG_WARN_ENUM_CONVERSION = YES;
				CLANG_WARN_INT_CONVERSION = YES;
				CLANG_WARN_OBJC_ROOT_CLASS = YES_ERROR;
				CLANG_WARN_UNREACHABLE_CODE = YES;
				CLANG_WARN__DUPLICATE_METHOD_MATCH = YES;
				"CODE_SIGN_IDENTITY[sdk=iphoneos*]" = "iPhone Developer";
				COPY_PHASE_STRIP = NO;
				ENABLE_STRICT_OBJC_MSGSEND = YES;
				GCC_C_LANGUAGE_STANDARD = gnu99;
				GCC_DYNAMIC_NO_PIC = NO;
				GCC_OPTIMIZATION_LEVEL = 0;
				GCC_PREPROCESSOR_DEFINITIONS = (
					"DEBUG=1",
					"$(inherited)",
				);
				GCC_SYMBOLS_PRIVATE_EXTERN = NO;
				GCC_WARN_64_TO_32_BIT_CONVERSION = YES;
				GCC_WARN_ABOUT_RETURN_TYPE = YES_ERROR;
				GCC_WARN_UNDECLARED_SELECTOR = YES;
				GCC_WARN_UNINITIALIZED_AUTOS = YES_AGGRESSIVE;
				GCC_WARN_UNUSED_FUNCTION = YES;
				GCC_WARN_UNUSED_VARIABLE = YES;
				IPHONEOS_DEPLOYMENT_TARGET = 8.1;
				MTL_ENABLE_DEBUG_INFO = YES;
				ONLY_ACTIVE_ARCH = YES;
				SDKROOT = iphoneos;
			};
			name = Debug;
		};
		C2C8994F1A8AD75700698083 /* Release */ = {
			isa = XCBuildConfiguration;
			buildSettings = {
				ALWAYS_SEARCH_USER_PATHS = NO;
				CLANG_CXX_LANGUAGE_STANDARD = "gnu++0x";
				CLANG_CXX_LIBRARY = "libc++";
				CLANG_ENABLE_MODULES = YES;
				CLANG_ENABLE_OBJC_ARC = YES;
				CLANG_WARN_BOOL_CONVERSION = YES;
				CLANG_WARN_CONSTANT_CONVERSION = YES;
				CLANG_WARN_DIRECT_OBJC_ISA_USAGE = YES_ERROR;
				CLANG_WARN_EMPTY_BODY = YES;
				CLANG_WARN_ENUM_CONVERSION = YES;
				CLANG_WARN_INT_CONVERSION = YES;
				CLANG_WARN_OBJC_ROOT_CLASS = YES_ERROR;
				CLANG_WARN_UNREACHABLE_CODE = YES;
				CLANG_WARN__DUPLICATE_METHOD_MATCH = YES;
				"CODE_SIGN_IDENTITY[sdk=iphoneos*]" = "iPhone Developer";
				COPY_PHASE_STRIP = YES;
				ENABLE_NS_ASSERTIONS = NO;
				ENABLE_STRICT_OBJC_MSGSEND = YES;
				GCC_C_LANGUAGE_STANDARD = gnu99;
				GCC_WARN_64_TO_32_BIT_CONVERSION = YES;
				GCC_WARN_ABOUT_RETURN_TYPE = YES_ERROR;
				GCC_WARN_UNDECLARED_SELECTOR = YES;
				GCC_WARN_UNINITIALIZED_AUTOS = YES_AGGRESSIVE;
				GCC_WARN_UNUSED_FUNCTION = YES;
				GCC_WARN_UNUSED_VARIABLE = YES;
				IPHONEOS_DEPLOYMENT_TARGET = 8.1;
				MTL_ENABLE_DEBUG_INFO = NO;
				SDKROOT = iphoneos;
				VALIDATE_PRODUCT = YES;
			};
			name = Release;
		};
		C2C899511A8AD75700698083 /* Debug */ = {
			isa = XCBuildConfiguration;
			buildSettings = {
				ASSETCATALOG_COMPILER_APPICON_NAME = AppIcon;
				INFOPLIST_FILE = Quiz/Info.plist;
				LD_RUNPATH_SEARCH_PATHS = "$(inherited) @executable_path/Frameworks";
				PRODUCT_NAME = "$(TARGET_NAME)";
			};
			name = Debug;
		};
		C2C899521A8AD75700698083 /* Release */ = {
			isa = XCBuildConfiguration;
			buildSettings = {
				ASSETCATALOG_COMPILER_APPICON_NAME = AppIcon;
				INFOPLIST_FILE = Quiz/Info.plist;
				LD_RUNPATH_SEARCH_PATHS = "$(inherited) @executable_path/Frameworks";
				PRODUCT_NAME = "$(TARGET_NAME)";
			};
			name = Release;
		};
		C2C899541A8AD75700698083 /* Debug */ = {
			isa = XCBuildConfiguration;
			buildSettings = {
				BUNDLE_LOADER = "$(TEST_HOST)";
				FRAMEWORK_SEARCH_PATHS = (
					"$(SDKROOT)/Developer/Library/Frameworks",
					"$(inherited)",
				);
				GCC_PREPROCESSOR_DEFINITIONS = (
					"DEBUG=1",
					"$(inherited)",
				);
				INFOPLIST_FILE = QuizTests/Info.plist;
				LD_RUNPATH_SEARCH_PATHS = "$(inherited) @executable_path/Frameworks @loader_path/Frameworks";
				PRODUCT_NAME = "$(TARGET_NAME)";
				TEST_HOST = "$(BUILT_PRODUCTS_DIR)/Quiz.app/Quiz";
			};
			name = Debug;
		};
		C2C899551A8AD75700698083 /* Release */ = {
			isa = XCBuildConfiguration;
			buildSettings = {
				BUNDLE_LOADER = "$(TEST_HOST)";
				FRAMEWORK_SEARCH_PATHS = (
					"$(SDKROOT)/Developer/Library/Frameworks",
					"$(inherited)",
				);
				INFOPLIST_FILE = QuizTests/Info.plist;
				LD_RUNPATH_SEARCH_PATHS = "$(inherited) @executable_path/Frameworks @loader_path/Frameworks";
				PRODUCT_NAME = "$(TARGET_NAME)";
				TEST_HOST = "$(BUILT_PRODUCTS_DIR)/Quiz.app/Quiz";
			};
			name = Release;
		};
/* End XCBuildConfiguration section */

/* Begin XCConfigurationList section */
		C2C899281A8AD75600698083 /* Build configuration list for PBXProject "Quiz" */ = {
			isa = XCConfigurationList;
			buildConfigurations = (
				C2C8994E1A8AD75700698083 /* Debug */,
				C2C8994F1A8AD75700698083 /* Release */,
			);
			defaultConfigurationIsVisible = 0;
			defaultConfigurationName = Release;
		};
		C2C899501A8AD75700698083 /* Build configuration list for PBXNativeTarget "Quiz" */ = {
			isa = XCConfigurationList;
			buildConfigurations = (
				C2C899511A8AD75700698083 /* Debug */,
				C2C899521A8AD75700698083 /* Release */,
			);
			defaultConfigurationIsVisible = 0;
		};
		C2C899531A8AD75700698083 /* Build configuration list for PBXNativeTarget "QuizTests" */ = {
			isa = XCConfigurationList;
			buildConfigurations = (
				C2C899541A8AD75700698083 /* Debug */,
				C2C899551A8AD75700698083 /* Release */,
			);
			defaultConfigurationIsVisible = 0;
		};
/* End XCConfigurationList section */
	};
	rootObject = C2C899251A8AD75600698083 /* Project object */;
}
